
Microsoft Visual Studio Solution File, Format Version 12.00
# Visual Studio 14
VisualStudioVersion = 14.0.25420.1
MinimumVisualStudioVersion = 10.0.40219.1
Project("{FAE04EC0-301F-11D3-BF4B-00C04F79EFBC}") = "MyCMS.Web", "MyCMS.Web\MyCMS.Web.csproj", "{933C5585-249D-42EC-9610-948847D9CD5E}"
EndProject
Project("{FAE04EC0-301F-11D3-BF4B-00C04F79EFBC}") = "MyCMS.DomainClasses", "MyCMS.DomainClasses\MyCMS.DomainClasses.csproj", "{81DCF4C3-677E-4598-AFC2-4893D840171C}"
EndProject
Project("{FAE04EC0-301F-11D3-BF4B-00C04F79EFBC}") = "MyCMS.Model", "MyCMS.Model\MyCMS.Model.csproj", "{D7DA95CC-A650-49CE-AC51-00E84A2E375B}"
EndProject
Project("{FAE04EC0-301F-11D3-BF4B-00C04F79EFBC}") = "MyCMS.Datalayer", "MyCMS.Datalayer\MyCMS.Datalayer.csproj", "{2C503D37-5653-4453-ADA1-835336B751DE}"
EndProject
Project("{FAE04EC0-301F-11D3-BF4B-00C04F79EFBC}") = "MyCMS.Servicelayer", "MyCMS.Servicelayer\MyCMS.Servicelayer.csproj", "{8D6411AC-8B18-4AAB-BD3B-44B788B2F93C}"
EndProject
Project("{FAE04EC0-301F-11D3-BF4B-00C04F79EFBC}") = "MyCMS.Utilities", "MyCMS.Common\MyCMS.Utilities.csproj", "{D02DF4DA-245D-43BF-AABC-E0A600DA92DA}"
EndProject
Project("{FAE04EC0-301F-11D3-BF4B-00C04F79EFBC}") = "MyCMS.Component", "MyCMS.Component\MyCMS.Component.csproj", "{D22DCD32-FE0C-4FFB-88D6-ED9F38757DAB}"
EndProject
Project("{FAE04EC0-301F-11D3-BF4B-00C04F79EFBC}") = "MyCMS.Abstraction", "MyCMS.Abstraction\MyCMS.Abstraction.csproj", "{4B881F92-648A-496B-A00F-BB73986544A8}"
EndProject
Project("{FAE04EC0-301F-11D3-BF4B-00C04F79EFBC}") = "JqGridHelper", "JqGridHelper\JqGridHelper.csproj", "{8DB2207C-7FBC-4A5A-9585-E34104D50DB9}"
EndProject
Global
	GlobalSection(SolutionConfigurationPlatforms) = preSolution
		Debug|Any CPU = Debug|Any CPU
		Release|Any CPU = Release|Any CPU
	EndGlobalSection
	GlobalSection(ProjectConfigurationPlatforms) = postSolution
		{933C5585-249D-42EC-9610-948847D9CD5E}.Debug|Any CPU.ActiveCfg = Debug|Any CPU
		{933C5585-249D-42EC-9610-948847D9CD5E}.Debug|Any CPU.Build.0 = Debug|Any CPU
		{933C5585-249D-42EC-9610-948847D9CD5E}.Release|Any CPU.ActiveCfg = Release|Any CPU
		{933C5585-249D-42EC-9610-948847D9CD5E}.Release|Any CPU.Build.0 = Release|Any CPU
		{81DCF4C3-677E-4598-AFC2-4893D840171C}.Debug|Any CPU.ActiveCfg = Debug|Any CPU
		{81DCF4C3-677E-4598-AFC2-4893D840171C}.Debug|Any CPU.Build.0 = Debug|Any CPU
		{81DCF4C3-677E-4598-AFC2-4893D840171C}.Release|Any CPU.ActiveCfg = Release|Any CPU
		{81DCF4C3-677E-4598-AFC2-4893D840171C}.Release|Any CPU.Build.0 = Release|Any CPU
		{D7DA95CC-A650-49CE-AC51-00E84A2E375B}.Debug|Any CPU.ActiveCfg = Debug|Any CPU
		{D7DA95CC-A650-49CE-AC51-00E84A2E375B}.Debug|Any CPU.Build.0 = Debug|Any CPU
		{D7DA95CC-A650-49CE-AC51-00E84A2E375B}.Release|Any CPU.ActiveCfg = Release|Any CPU
		{D7DA95CC-A650-49CE-AC51-00E84A2E375B}.Release|Any CPU.Build.0 = Release|Any CPU
		{2C503D37-5653-4453-ADA1-835336B751DE}.Debug|Any CPU.ActiveCfg = Debug|Any CPU
		{2C503D37-5653-4453-ADA1-835336B751DE}.Debug|Any CPU.Build.0 = Debug|Any CPU
		{2C503D37-5653-4453-ADA1-835336B751DE}.Release|Any CPU.ActiveCfg = Release|Any CPU
		{2C503D37-5653-4453-ADA1-835336B751DE}.Release|Any CPU.Build.0 = Release|Any CPU
		{8D6411AC-8B18-4AAB-BD3B-44B788B2F93C}.Debug|Any CPU.ActiveCfg = Debug|Any CPU
		{8D6411AC-8B18-4AAB-BD3B-44B788B2F93C}.Debug|Any CPU.Build.0 = Debug|Any CPU
		{8D6411AC-8B18-4AAB-BD3B-44B788B2F93C}.Release|Any CPU.ActiveCfg = Release|Any CPU
		{8D6411AC-8B18-4AAB-BD3B-44B788B2F93C}.Release|Any CPU.Build.0 = Release|Any CPU
		{D02DF4DA-245D-43BF-AABC-E0A600DA92DA}.Debug|Any CPU.ActiveCfg = Debug|Any CPU
		{D02DF4DA-245D-43BF-AABC-E0A600DA92DA}.Debug|Any CPU.Build.0 = Debug|Any CPU
		{D02DF4DA-245D-43BF-AABC-E0A600DA92DA}.Release|Any CPU.ActiveCfg = Release|Any CPU
		{D02DF4DA-245D-43BF-AABC-E0A600DA92DA}.Release|Any CPU.Build.0 = Release|Any CPU
		{D22DCD32-FE0C-4FFB-88D6-ED9F38757DAB}.Debug|Any CPU.ActiveCfg = Debug|Any CPU
		{D22DCD32-FE0C-4FFB-88D6-ED9F38757DAB}.Debug|Any CPU.Build.0 = Debug|Any CPU
		{D22DCD32-FE0C-4FFB-88D6-ED9F38757DAB}.Release|Any CPU.ActiveCfg = Release|Any CPU
		{D22DCD32-FE0C-4FFB-88D6-ED9F38757DAB}.Release|Any CPU.Build.0 = Release|Any CPU
		{4B881F92-648A-496B-A00F-BB73986544A8}.Debug|Any CPU.ActiveCfg = Debug|Any CPU
		{4B881F92-648A-496B-A00F-BB73986544A8}.Debug|Any CPU.Build.0 = Debug|Any CPU
		{4B881F92-648A-496B-A00F-BB73986544A8}.Release|Any CPU.ActiveCfg = Release|Any CPU
		{4B881F92-648A-496B-A00F-BB73986544A8}.Release|Any CPU.Build.0 = Release|Any CPU
		{8DB2207C-7FBC-4A5A-9585-E34104D50DB9}.Debug|Any CPU.ActiveCfg = Debug|Any CPU
		{8DB2207C-7FBC-4A5A-9585-E34104D50DB9}.Debug|Any CPU.Build.0 = Debug|Any CPU
		{8DB2207C-7FBC-4A5A-9585-E34104D50DB9}.Release|Any CPU.ActiveCfg = Release|Any CPU
		{8DB2207C-7FBC-4A5A-9585-E34104D50DB9}.Release|Any CPU.Build.0 = Release|Any CPU
	EndGlobalSection
	GlobalSection(SolutionProperties) = preSolution
		HideSolutionNode = FALSE
	EndGlobalSection
	GlobalSection(ExtensibilityGlobals) = postSolution
		VisualSVNWorkingCopyRoot = .
	EndGlobalSection
EndGlobal
